
Microsoft Visual Studio Solution File, Format Version 12.00
# Visual Studio Version 17
VisualStudioVersion = 17.0.31903.59
MinimumVisualStudioVersion = 10.0.40219.1
Project("{2150E333-8FDC-42A3-9474-1A3956D46DE8}") = "src", "src", "{183B2249-D6C5-4C22-9EBD-DB0CE2DD5171}"
EndProject
Project("{FAE04EC0-301F-11D3-BF4B-00C04F79EFBC}") = "MeuBolso", "src\MeuBolso\MeuBolso.csproj", "{DAB6E4E1-485D-47BB-B46D-BC5D1E00F1F1}"
EndProject
Project("{FAE04EC0-301F-11D3-BF4B-00C04F79EFBC}") = "MeuBolso.Api", "src\MeuBolso.Api\MeuBolso.Api.csproj", "{8F6232E0-4CC3-47C0-BB70-39738FAE0E2B}"
EndProject
Global
	GlobalSection(SolutionConfigurationPlatforms) = preSolution
		Debug|Any CPU = Debug|Any CPU
		Release|Any CPU = Release|Any CPU
	EndGlobalSection
	GlobalSection(ProjectConfigurationPlatforms) = postSolution
		{DAB6E4E1-485D-47BB-B46D-BC5D1E00F1F1}.Debug|Any CPU.ActiveCfg = Debug|Any CPU
		{DAB6E4E1-485D-47BB-B46D-BC5D1E00F1F1}.Debug|Any CPU.Build.0 = Debug|Any CPU
		{DAB6E4E1-485D-47BB-B46D-BC5D1E00F1F1}.Release|Any CPU.ActiveCfg = Release|Any CPU
		{DAB6E4E1-485D-47BB-B46D-BC5D1E00F1F1}.Release|Any CPU.Build.0 = Release|Any CPU
		{8F6232E0-4CC3-47C0-BB70-39738FAE0E2B}.Debug|Any CPU.ActiveCfg = Debug|Any CPU
		{8F6232E0-4CC3-47C0-BB70-39738FAE0E2B}.Debug|Any CPU.Build.0 = Debug|Any CPU
		{8F6232E0-4CC3-47C0-BB70-39738FAE0E2B}.Release|Any CPU.ActiveCfg = Release|Any CPU
		{8F6232E0-4CC3-47C0-BB70-39738FAE0E2B}.Release|Any CPU.Build.0 = Release|Any CPU
	EndGlobalSection
	GlobalSection(SolutionProperties) = preSolution
		HideSolutionNode = FALSE
	EndGlobalSection
	GlobalSection(NestedProjects) = preSolution
		{DAB6E4E1-485D-47BB-B46D-BC5D1E00F1F1} = {183B2249-D6C5-4C22-9EBD-DB0CE2DD5171}
		{8F6232E0-4CC3-47C0-BB70-39738FAE0E2B} = {183B2249-D6C5-4C22-9EBD-DB0CE2DD5171}
	EndGlobalSection
	GlobalSection(ExtensibilityGlobals) = postSolution
		SolutionGuid = {05942041-89B5-4CF7-BC2C-77AECA63000C}
	EndGlobalSection
EndGlobal
